<?xml version="1.0" encoding="utf-8"?>
<Project ToolsVersion="4.0" xmlns="http://schemas.microsoft.com/developer/msbuild/2003">
  <ItemGroup>
    <Filter Include="Source Files">
      <UniqueIdentifier>{1D60E994-AF58-4EE9-B15E-2E8109D1C673}</UniqueIdentifier>
    </Filter>
    <Filter Include="Header Files">
      <UniqueIdentifier>{8F87DFAC-06C1-4F6D-AB5E-85DB53E1676B}</UniqueIdentifier>
    </Filter>
    <Filter Include="Driver Package">
      <UniqueIdentifier>{93F04D4B-64B9-4F70-91F9-A21EAF4C1728}</UniqueIdentifier>
    </Filter>
  </ItemGroup>
  <ItemGroup>
    <ClCompile Include="Driver.c">
      <Filter>Source Files</Filter>
    </ClCompile>
    <ClCompile Include="AppleKeyboardReport.c">
      <Filter>Source Files</Filter>
    </ClCompile>
  </ItemGroup>
  <ItemGroup>
    <ClInclude Include="Driver.h">
      <Filter>Header Files</Filter>
    </ClInclude>
  </ItemGroup>
  <ItemGroup>
    <Inf Include="AppleKeyboardFilter.inf">
      <Filter>Driver Package</Filter>
    </Inf>
  </ItemGroup>
</Project>
